
Microsoft Visual Studio Solution File, Format Version 12.00
# Visual Studio Version 16
VisualStudioVersion = 16.0.30907.101
MinimumVisualStudioVersion = 10.0.40219.1
Project("{9A19103F-16F7-4668-BE54-9A1E7A4F7556}") = "TeamsClone.Web", "TeamsClone.Web\TeamsClone.Web.csproj", "{6B2A2F0C-2A1E-463D-A1F8-7AA7F641CBA5}"
EndProject
Project("{9A19103F-16F7-4668-BE54-9A1E7A4F7556}") = "TeamsClone.WeatherForecast", "TeamsClone.Weather\TeamsClone.WeatherForecast.csproj", "{B2FEA2B2-805F-4662-95A1-67A8127E17F0}"
EndProject
Project("{9A19103F-16F7-4668-BE54-9A1E7A4F7556}") = "TeamsClone.Users", "TeamsClone.Users\TeamsClone.Users.csproj", "{E6868B30-0FE3-4B96-8C5E-E6011E3C81C9}"
EndProject
Global
	GlobalSection(SolutionConfigurationPlatforms) = preSolution
		Debug|Any CPU = Debug|Any CPU
		Release|Any CPU = Release|Any CPU
	EndGlobalSection
	GlobalSection(ProjectConfigurationPlatforms) = postSolution
		{6B2A2F0C-2A1E-463D-A1F8-7AA7F641CBA5}.Debug|Any CPU.ActiveCfg = Debug|Any CPU
		{6B2A2F0C-2A1E-463D-A1F8-7AA7F641CBA5}.Debug|Any CPU.Build.0 = Debug|Any CPU
		{6B2A2F0C-2A1E-463D-A1F8-7AA7F641CBA5}.Release|Any CPU.ActiveCfg = Release|Any CPU
		{6B2A2F0C-2A1E-463D-A1F8-7AA7F641CBA5}.Release|Any CPU.Build.0 = Release|Any CPU
		{B2FEA2B2-805F-4662-95A1-67A8127E17F0}.Debug|Any CPU.ActiveCfg = Debug|Any CPU
		{B2FEA2B2-805F-4662-95A1-67A8127E17F0}.Debug|Any CPU.Build.0 = Debug|Any CPU
		{B2FEA2B2-805F-4662-95A1-67A8127E17F0}.Release|Any CPU.ActiveCfg = Release|Any CPU
		{B2FEA2B2-805F-4662-95A1-67A8127E17F0}.Release|Any CPU.Build.0 = Release|Any CPU
		{E6868B30-0FE3-4B96-8C5E-E6011E3C81C9}.Debug|Any CPU.ActiveCfg = Debug|Any CPU
		{E6868B30-0FE3-4B96-8C5E-E6011E3C81C9}.Debug|Any CPU.Build.0 = Debug|Any CPU
		{E6868B30-0FE3-4B96-8C5E-E6011E3C81C9}.Release|Any CPU.ActiveCfg = Release|Any CPU
		{E6868B30-0FE3-4B96-8C5E-E6011E3C81C9}.Release|Any CPU.Build.0 = Release|Any CPU
	EndGlobalSection
	GlobalSection(SolutionProperties) = preSolution
		HideSolutionNode = FALSE
	EndGlobalSection
	GlobalSection(ExtensibilityGlobals) = postSolution
		SolutionGuid = {591C2A4A-856B-4128-81BE-9CAE04E48BDA}
	EndGlobalSection
EndGlobal
